// !$*UTF8*$!
{
	archiveVersion = 1;
	classes = {
	};
	objectVersion = 55;
	objects = {

/* Begin PBXBuildFile section */
		010E486927A5BA8500D950EF /* Persistence.swift in Sources */ = {isa = PBXBuildFile; fileRef = 010E486827A5BA8500D950EF /* Persistence.swift */; };
		010E486C27A5BC7500D950EF /* GRDBQuery in Frameworks */ = {isa = PBXBuildFile; productRef = 010E486B27A5BC7500D950EF /* GRDBQuery */; };
		010E486F27A5BF7C00D950EF /* ApnsListView.swift in Sources */ = {isa = PBXBuildFile; fileRef = 010E486E27A5BF7C00D950EF /* ApnsListView.swift */; };
		010E487427A69EC400D950EF /* Sparkle in Frameworks */ = {isa = PBXBuildFile; productRef = 010E487327A69EC400D950EF /* Sparkle */; };
		010E487727A69F1A00D950EF /* UpdaterViewModel.swift in Sources */ = {isa = PBXBuildFile; fileRef = 010E487627A69F1A00D950EF /* UpdaterViewModel.swift */; };
		010E487927A69F4900D950EF /* CheckForUpdatesView.swift in Sources */ = {isa = PBXBuildFile; fileRef = 010E487827A69F4900D950EF /* CheckForUpdatesView.swift */; };
		0145B11B27A592B800E0EC43 /* APNS.swift in Sources */ = {isa = PBXBuildFile; fileRef = 0145B11A27A592B800E0EC43 /* APNS.swift */; };
		0145B11E27A592E700E0EC43 /* URLResponse+Extensions.swift in Sources */ = {isa = PBXBuildFile; fileRef = 0145B11D27A592E700E0EC43 /* URLResponse+Extensions.swift */; };
		0145B12027A5930800E0EC43 /* APNS+PayloadType.swift in Sources */ = {isa = PBXBuildFile; fileRef = 0145B11F27A5930800E0EC43 /* APNS+PayloadType.swift */; };
		0145B12327A593A000E0EC43 /* DependencyProvider.swift in Sources */ = {isa = PBXBuildFile; fileRef = 0145B12227A593A000E0EC43 /* DependencyProvider.swift */; };
		0145B12527A5950400E0EC43 /* SecIdentityType.swift in Sources */ = {isa = PBXBuildFile; fileRef = 0145B12427A5950400E0EC43 /* SecIdentityType.swift */; };
		0145B12727A5973000E0EC43 /* String+Extensions.swift in Sources */ = {isa = PBXBuildFile; fileRef = 0145B12627A5973000E0EC43 /* String+Extensions.swift */; };
		0145B12927A5975200E0EC43 /* SenderView.swift in Sources */ = {isa = PBXBuildFile; fileRef = 0145B12827A5975200E0EC43 /* SenderView.swift */; };
		0145B12C27A5984D00E0EC43 /* APNS+CertificateType.swift in Sources */ = {isa = PBXBuildFile; fileRef = 0145B12B27A5984D00E0EC43 /* APNS+CertificateType.swift */; };
		0145B12E27A59A3D00E0EC43 /* APNS+Priority.swift in Sources */ = {isa = PBXBuildFile; fileRef = 0145B12D27A59A3D00E0EC43 /* APNS+Priority.swift */; };
		0145B13027A5A95200E0EC43 /* SecIdentity+Extensions.swift in Sources */ = {isa = PBXBuildFile; fileRef = 0145B12F27A5A95200E0EC43 /* SecIdentity+Extensions.swift */; };
		0145B13327A5B12300E0EC43 /* GRDB in Frameworks */ = {isa = PBXBuildFile; productRef = 0145B13227A5B12300E0EC43 /* GRDB */; };
		014D0C7327A1AECC00C43A74 /* SwushApp.swift in Sources */ = {isa = PBXBuildFile; fileRef = 014D0C7227A1AECC00C43A74 /* SwushApp.swift */; };
		014D0C7527A1AECC00C43A74 /* ContentView.swift in Sources */ = {isa = PBXBuildFile; fileRef = 014D0C7427A1AECC00C43A74 /* ContentView.swift */; };
		014D0C7727A1AECD00C43A74 /* Assets.xcassets in Resources */ = {isa = PBXBuildFile; fileRef = 014D0C7627A1AECD00C43A74 /* Assets.xcassets */; };
		014D0C7A27A1AECD00C43A74 /* Preview Assets.xcassets in Resources */ = {isa = PBXBuildFile; fileRef = 014D0C7927A1AECD00C43A74 /* Preview Assets.xcassets */; };
		014D0C8427A1BCEC00C43A74 /* SecIdentityService.swift in Sources */ = {isa = PBXBuildFile; fileRef = 014D0C8327A1BCEC00C43A74 /* SecIdentityService.swift */; };
		014D0C8627A1D1E300C43A74 /* SenderViewModel.swift in Sources */ = {isa = PBXBuildFile; fileRef = 014D0C8527A1D1E300C43A74 /* SenderViewModel.swift */; };
		014D0C8827A1D3C800C43A74 /* View+FormLabel.swift in Sources */ = {isa = PBXBuildFile; fileRef = 014D0C8727A1D3C800C43A74 /* View+FormLabel.swift */; };
		014D0C9027A1E61600C43A74 /* APNSService.swift in Sources */ = {isa = PBXBuildFile; fileRef = 014D0C8F27A1E61600C43A74 /* APNSService.swift */; };
		0194C7D827A5B55300FB943F /* AppDatabase.swift in Sources */ = {isa = PBXBuildFile; fileRef = 0194C7D727A5B55300FB943F /* AppDatabase.swift */; };
/* End PBXBuildFile section */

/* Begin PBXFileReference section */
		010E486827A5BA8500D950EF /* Persistence.swift */ = {isa = PBXFileReference; lastKnownFileType = sourcecode.swift; path = Persistence.swift; sourceTree = "<group>"; };
		010E486E27A5BF7C00D950EF /* ApnsListView.swift */ = {isa = PBXFileReference; lastKnownFileType = sourcecode.swift; path = ApnsListView.swift; sourceTree = "<group>"; };
		010E487627A69F1A00D950EF /* UpdaterViewModel.swift */ = {isa = PBXFileReference; lastKnownFileType = sourcecode.swift; path = UpdaterViewModel.swift; sourceTree = "<group>"; };
		010E487827A69F4900D950EF /* CheckForUpdatesView.swift */ = {isa = PBXFileReference; lastKnownFileType = sourcecode.swift; path = CheckForUpdatesView.swift; sourceTree = "<group>"; };
		0145B11A27A592B800E0EC43 /* APNS.swift */ = {isa = PBXFileReference; lastKnownFileType = sourcecode.swift; path = APNS.swift; sourceTree = "<group>"; };
		0145B11D27A592E700E0EC43 /* URLResponse+Extensions.swift */ = {isa = PBXFileReference; lastKnownFileType = sourcecode.swift; path = "URLResponse+Extensions.swift"; sourceTree = "<group>"; };
		0145B11F27A5930800E0EC43 /* APNS+PayloadType.swift */ = {isa = PBXFileReference; lastKnownFileType = sourcecode.swift; path = "APNS+PayloadType.swift"; sourceTree = "<group>"; };
		0145B12227A593A000E0EC43 /* DependencyProvider.swift */ = {isa = PBXFileReference; lastKnownFileType = sourcecode.swift; path = DependencyProvider.swift; sourceTree = "<group>"; };
		0145B12427A5950400E0EC43 /* SecIdentityType.swift */ = {isa = PBXFileReference; lastKnownFileType = sourcecode.swift; path = SecIdentityType.swift; sourceTree = "<group>"; };
		0145B12627A5973000E0EC43 /* String+Extensions.swift */ = {isa = PBXFileReference; lastKnownFileType = sourcecode.swift; path = "String+Extensions.swift"; sourceTree = "<group>"; };
		0145B12827A5975200E0EC43 /* SenderView.swift */ = {isa = PBXFileReference; lastKnownFileType = sourcecode.swift; path = SenderView.swift; sourceTree = "<group>"; };
		0145B12B27A5984D00E0EC43 /* APNS+CertificateType.swift */ = {isa = PBXFileReference; lastKnownFileType = sourcecode.swift; path = "APNS+CertificateType.swift"; sourceTree = "<group>"; };
		0145B12D27A59A3D00E0EC43 /* APNS+Priority.swift */ = {isa = PBXFileReference; lastKnownFileType = sourcecode.swift; path = "APNS+Priority.swift"; sourceTree = "<group>"; };
		0145B12F27A5A95200E0EC43 /* SecIdentity+Extensions.swift */ = {isa = PBXFileReference; lastKnownFileType = sourcecode.swift; path = "SecIdentity+Extensions.swift"; sourceTree = "<group>"; };
		014D0C6F27A1AECC00C43A74 /* Swush.app */ = {isa = PBXFileReference; explicitFileType = wrapper.application; includeInIndex = 0; path = Swush.app; sourceTree = BUILT_PRODUCTS_DIR; };
		014D0C7227A1AECC00C43A74 /* SwushApp.swift */ = {isa = PBXFileReference; lastKnownFileType = sourcecode.swift; path = SwushApp.swift; sourceTree = "<group>"; };
		014D0C7427A1AECC00C43A74 /* ContentView.swift */ = {isa = PBXFileReference; lastKnownFileType = sourcecode.swift; path = ContentView.swift; sourceTree = "<group>"; };
		014D0C7627A1AECD00C43A74 /* Assets.xcassets */ = {isa = PBXFileReference; lastKnownFileType = folder.assetcatalog; path = Assets.xcassets; sourceTree = "<group>"; };
		014D0C7927A1AECD00C43A74 /* Preview Assets.xcassets */ = {isa = PBXFileReference; lastKnownFileType = folder.assetcatalog; path = "Preview Assets.xcassets"; sourceTree = "<group>"; };
		014D0C7B27A1AECD00C43A74 /* Swush.entitlements */ = {isa = PBXFileReference; lastKnownFileType = text.plist.entitlements; path = Swush.entitlements; sourceTree = "<group>"; };
		014D0C8327A1BCEC00C43A74 /* SecIdentityService.swift */ = {isa = PBXFileReference; lastKnownFileType = sourcecode.swift; path = SecIdentityService.swift; sourceTree = "<group>"; };
		014D0C8527A1D1E300C43A74 /* SenderViewModel.swift */ = {isa = PBXFileReference; lastKnownFileType = sourcecode.swift; path = SenderViewModel.swift; sourceTree = "<group>"; };
		014D0C8727A1D3C800C43A74 /* View+FormLabel.swift */ = {isa = PBXFileReference; lastKnownFileType = sourcecode.swift; path = "View+FormLabel.swift"; sourceTree = "<group>"; };
		014D0C8F27A1E61600C43A74 /* APNSService.swift */ = {isa = PBXFileReference; lastKnownFileType = sourcecode.swift; path = APNSService.swift; sourceTree = "<group>"; };
		0194C7D727A5B55300FB943F /* AppDatabase.swift */ = {isa = PBXFileReference; lastKnownFileType = sourcecode.swift; path = AppDatabase.swift; sourceTree = "<group>"; };
		01FFBC7E27A6A6C400D8780C /* Info.plist */ = {isa = PBXFileReference; lastKnownFileType = text.plist; path = Info.plist; sourceTree = "<group>"; };
/* End PBXFileReference section */

/* Begin PBXFrameworksBuildPhase section */
		014D0C6C27A1AECC00C43A74 /* Frameworks */ = {
			isa = PBXFrameworksBuildPhase;
			buildActionMask = 2147483647;
			files = (
				010E487427A69EC400D950EF /* Sparkle in Frameworks */,
				010E486C27A5BC7500D950EF /* GRDBQuery in Frameworks */,
				0145B13327A5B12300E0EC43 /* GRDB in Frameworks */,
			);
			runOnlyForDeploymentPostprocessing = 0;
		};
/* End PBXFrameworksBuildPhase section */

/* Begin PBXGroup section */
		010E486D27A5BF6200D950EF /* ApnsList */ = {
			isa = PBXGroup;
			children = (
				010E486E27A5BF7C00D950EF /* ApnsListView.swift */,
			);
			path = ApnsList;
			sourceTree = "<group>";
		};
		010E487527A69F0F00D950EF /* Updater */ = {
			isa = PBXGroup;
			children = (
				010E487627A69F1A00D950EF /* UpdaterViewModel.swift */,
				010E487827A69F4900D950EF /* CheckForUpdatesView.swift */,
			);
			path = Updater;
			sourceTree = "<group>";
		};
		0145B11927A592A900E0EC43 /* Models */ = {
			isa = PBXGroup;
			children = (
				0145B11A27A592B800E0EC43 /* APNS.swift */,
				0145B12B27A5984D00E0EC43 /* APNS+CertificateType.swift */,
				0145B11F27A5930800E0EC43 /* APNS+PayloadType.swift */,
				0145B12D27A59A3D00E0EC43 /* APNS+Priority.swift */,
				0145B12427A5950400E0EC43 /* SecIdentityType.swift */,
			);
			path = Models;
			sourceTree = "<group>";
		};
		0145B12A27A597B200E0EC43 /* Sender */ = {
			isa = PBXGroup;
			children = (
				014D0C8527A1D1E300C43A74 /* SenderViewModel.swift */,
				0145B12827A5975200E0EC43 /* SenderView.swift */,
			);
			path = Sender;
			sourceTree = "<group>";
		};
		014D0C6627A1AECC00C43A74 = {
			isa = PBXGroup;
			children = (
				014D0C7127A1AECC00C43A74 /* Swush */,
				014D0C7027A1AECC00C43A74 /* Products */,
			);
			sourceTree = "<group>";
		};
		014D0C7027A1AECC00C43A74 /* Products */ = {
			isa = PBXGroup;
			children = (
				014D0C6F27A1AECC00C43A74 /* Swush.app */,
			);
			name = Products;
			sourceTree = "<group>";
		};
		014D0C7127A1AECC00C43A74 /* Swush */ = {
			isa = PBXGroup;
			children = (
				01FFBC7E27A6A6C400D8780C /* Info.plist */,
				014D0C8927A1D82B00C43A74 /* Sources */,
				014D0C7627A1AECD00C43A74 /* Assets.xcassets */,
				014D0C7B27A1AECD00C43A74 /* Swush.entitlements */,
				014D0C7827A1AECD00C43A74 /* Preview Content */,
			);
			path = Swush;
			sourceTree = "<group>";
		};
		014D0C7827A1AECD00C43A74 /* Preview Content */ = {
			isa = PBXGroup;
			children = (
				014D0C7927A1AECD00C43A74 /* Preview Assets.xcassets */,
			);
			path = "Preview Content";
			sourceTree = "<group>";
		};
		014D0C8927A1D82B00C43A74 /* Sources */ = {
			isa = PBXGroup;
			children = (
				0194C7D627A5B4EA00FB943F /* Database */,
				0145B11927A592A900E0EC43 /* Models */,
				014D0C8E27A1E5CF00C43A74 /* Services */,
				014D0C8C27A1D84D00C43A74 /* Extensions */,
				014D0C8B27A1D83800C43A74 /* App */,
				014D0C8A27A1D83300C43A74 /* Modules */,
			);
			path = Sources;
			sourceTree = "<group>";
		};
		014D0C8A27A1D83300C43A74 /* Modules */ = {
			isa = PBXGroup;
			children = (
				010E487527A69F0F00D950EF /* Updater */,
				010E486D27A5BF6200D950EF /* ApnsList */,
				0145B12A27A597B200E0EC43 /* Sender */,
				014D0C7427A1AECC00C43A74 /* ContentView.swift */,
			);
			path = Modules;
			sourceTree = "<group>";
		};
		014D0C8B27A1D83800C43A74 /* App */ = {
			isa = PBXGroup;
			children = (
				014D0C7227A1AECC00C43A74 /* SwushApp.swift */,
			);
			path = App;
			sourceTree = "<group>";
		};
		014D0C8C27A1D84D00C43A74 /* Extensions */ = {
			isa = PBXGroup;
			children = (
				014D0C8727A1D3C800C43A74 /* View+FormLabel.swift */,
				0145B11D27A592E700E0EC43 /* URLResponse+Extensions.swift */,
				0145B12627A5973000E0EC43 /* String+Extensions.swift */,
				0145B12F27A5A95200E0EC43 /* SecIdentity+Extensions.swift */,
			);
			path = Extensions;
			sourceTree = "<group>";
		};
		014D0C8E27A1E5CF00C43A74 /* Services */ = {
			isa = PBXGroup;
			children = (
				014D0C8327A1BCEC00C43A74 /* SecIdentityService.swift */,
				014D0C8F27A1E61600C43A74 /* APNSService.swift */,
				0145B12227A593A000E0EC43 /* DependencyProvider.swift */,
			);
			path = Services;
			sourceTree = "<group>";
		};
		0194C7D627A5B4EA00FB943F /* Database */ = {
			isa = PBXGroup;
			children = (
				0194C7D727A5B55300FB943F /* AppDatabase.swift */,
				010E486827A5BA8500D950EF /* Persistence.swift */,
			);
			path = Database;
			sourceTree = "<group>";
		};
/* End PBXGroup section */

/* Begin PBXNativeTarget section */
		014D0C6E27A1AECC00C43A74 /* Swush */ = {
			isa = PBXNativeTarget;
			buildConfigurationList = 014D0C7E27A1AECD00C43A74 /* Build configuration list for PBXNativeTarget "Swush" */;
			buildPhases = (
				014D0C6B27A1AECC00C43A74 /* Sources */,
				014D0C6C27A1AECC00C43A74 /* Frameworks */,
				014D0C6D27A1AECC00C43A74 /* Resources */,
			);
			buildRules = (
			);
			dependencies = (
			);
			name = Swush;
			packageProductDependencies = (
				0145B13227A5B12300E0EC43 /* GRDB */,
				010E486B27A5BC7500D950EF /* GRDBQuery */,
				010E487327A69EC400D950EF /* Sparkle */,
			);
			productName = Swush;
			productReference = 014D0C6F27A1AECC00C43A74 /* Swush.app */;
			productType = "com.apple.product-type.application";
		};
/* End PBXNativeTarget section */

/* Begin PBXProject section */
		014D0C6727A1AECC00C43A74 /* Project object */ = {
			isa = PBXProject;
			attributes = {
				BuildIndependentTargetsInParallel = 1;
				LastSwiftUpdateCheck = 1320;
				LastUpgradeCheck = 1320;
				TargetAttributes = {
					014D0C6E27A1AECC00C43A74 = {
						CreatedOnToolsVersion = 13.2.1;
					};
				};
			};
			buildConfigurationList = 014D0C6A27A1AECC00C43A74 /* Build configuration list for PBXProject "Swush" */;
			compatibilityVersion = "Xcode 13.0";
			developmentRegion = en;
			hasScannedForEncodings = 0;
			knownRegions = (
				en,
				Base,
			);
			mainGroup = 014D0C6627A1AECC00C43A74;
			packageReferences = (
				0145B13127A5B12300E0EC43 /* XCRemoteSwiftPackageReference "GRDB" */,
				010E486A27A5BC7500D950EF /* XCRemoteSwiftPackageReference "GRDBQuery" */,
				010E487227A69EC400D950EF /* XCRemoteSwiftPackageReference "Sparkle" */,
			);
			productRefGroup = 014D0C7027A1AECC00C43A74 /* Products */;
			projectDirPath = "";
			projectRoot = "";
			targets = (
				014D0C6E27A1AECC00C43A74 /* Swush */,
			);
		};
/* End PBXProject section */

/* Begin PBXResourcesBuildPhase section */
		014D0C6D27A1AECC00C43A74 /* Resources */ = {
			isa = PBXResourcesBuildPhase;
			buildActionMask = 2147483647;
			files = (
				014D0C7A27A1AECD00C43A74 /* Preview Assets.xcassets in Resources */,
				014D0C7727A1AECD00C43A74 /* Assets.xcassets in Resources */,
			);
			runOnlyForDeploymentPostprocessing = 0;
		};
/* End PBXResourcesBuildPhase section */

/* Begin PBXSourcesBuildPhase section */
		014D0C6B27A1AECC00C43A74 /* Sources */ = {
			isa = PBXSourcesBuildPhase;
			buildActionMask = 2147483647;
			files = (
				0145B12927A5975200E0EC43 /* SenderView.swift in Sources */,
				010E486F27A5BF7C00D950EF /* ApnsListView.swift in Sources */,
				010E487727A69F1A00D950EF /* UpdaterViewModel.swift in Sources */,
				0145B11E27A592E700E0EC43 /* URLResponse+Extensions.swift in Sources */,
				014D0C8827A1D3C800C43A74 /* View+FormLabel.swift in Sources */,
				0145B12327A593A000E0EC43 /* DependencyProvider.swift in Sources */,
				0194C7D827A5B55300FB943F /* AppDatabase.swift in Sources */,
				014D0C8427A1BCEC00C43A74 /* SecIdentityService.swift in Sources */,
				0145B12727A5973000E0EC43 /* String+Extensions.swift in Sources */,
				0145B12527A5950400E0EC43 /* SecIdentityType.swift in Sources */,
				0145B13027A5A95200E0EC43 /* SecIdentity+Extensions.swift in Sources */,
				010E486927A5BA8500D950EF /* Persistence.swift in Sources */,
				0145B12E27A59A3D00E0EC43 /* APNS+Priority.swift in Sources */,
				014D0C9027A1E61600C43A74 /* APNSService.swift in Sources */,
				014D0C8627A1D1E300C43A74 /* SenderViewModel.swift in Sources */,
				014D0C7527A1AECC00C43A74 /* ContentView.swift in Sources */,
				014D0C7327A1AECC00C43A74 /* SwushApp.swift in Sources */,
				0145B12C27A5984D00E0EC43 /* APNS+CertificateType.swift in Sources */,
				0145B12027A5930800E0EC43 /* APNS+PayloadType.swift in Sources */,
				0145B11B27A592B800E0EC43 /* APNS.swift in Sources */,
				010E487927A69F4900D950EF /* CheckForUpdatesView.swift in Sources */,
			);
			runOnlyForDeploymentPostprocessing = 0;
		};
/* End PBXSourcesBuildPhase section */

/* Begin XCBuildConfiguration section */
		014D0C7C27A1AECD00C43A74 /* Debug */ = {
			isa = XCBuildConfiguration;
			buildSettings = {
				ALWAYS_SEARCH_USER_PATHS = NO;
				CLANG_ANALYZER_NONNULL = YES;
				CLANG_ANALYZER_NUMBER_OBJECT_CONVERSION = YES_AGGRESSIVE;
				CLANG_CXX_LANGUAGE_STANDARD = "gnu++17";
				CLANG_CXX_LIBRARY = "libc++";
				CLANG_ENABLE_MODULES = YES;
				CLANG_ENABLE_OBJC_ARC = YES;
				CLANG_ENABLE_OBJC_WEAK = YES;
				CLANG_WARN_BLOCK_CAPTURE_AUTORELEASING = YES;
				CLANG_WARN_BOOL_CONVERSION = YES;
				CLANG_WARN_COMMA = YES;
				CLANG_WARN_CONSTANT_CONVERSION = YES;
				CLANG_WARN_DEPRECATED_OBJC_IMPLEMENTATIONS = YES;
				CLANG_WARN_DIRECT_OBJC_ISA_USAGE = YES_ERROR;
				CLANG_WARN_DOCUMENTATION_COMMENTS = YES;
				CLANG_WARN_EMPTY_BODY = YES;
				CLANG_WARN_ENUM_CONVERSION = YES;
				CLANG_WARN_INFINITE_RECURSION = YES;
				CLANG_WARN_INT_CONVERSION = YES;
				CLANG_WARN_NON_LITERAL_NULL_CONVERSION = YES;
				CLANG_WARN_OBJC_IMPLICIT_RETAIN_SELF = YES;
				CLANG_WARN_OBJC_LITERAL_CONVERSION = YES;
				CLANG_WARN_OBJC_ROOT_CLASS = YES_ERROR;
				CLANG_WARN_QUOTED_INCLUDE_IN_FRAMEWORK_HEADER = YES;
				CLANG_WARN_RANGE_LOOP_ANALYSIS = YES;
				CLANG_WARN_STRICT_PROTOTYPES = YES;
				CLANG_WARN_SUSPICIOUS_MOVE = YES;
				CLANG_WARN_UNGUARDED_AVAILABILITY = YES_AGGRESSIVE;
				CLANG_WARN_UNREACHABLE_CODE = YES;
				CLANG_WARN__DUPLICATE_METHOD_MATCH = YES;
				COPY_PHASE_STRIP = NO;
				DEBUG_INFORMATION_FORMAT = dwarf;
				ENABLE_STRICT_OBJC_MSGSEND = YES;
				ENABLE_TESTABILITY = YES;
				GCC_C_LANGUAGE_STANDARD = gnu11;
				GCC_DYNAMIC_NO_PIC = NO;
				GCC_NO_COMMON_BLOCKS = YES;
				GCC_OPTIMIZATION_LEVEL = 0;
				GCC_PREPROCESSOR_DEFINITIONS = (
					"DEBUG=1",
					"$(inherited)",
				);
				GCC_WARN_64_TO_32_BIT_CONVERSION = YES;
				GCC_WARN_ABOUT_RETURN_TYPE = YES_ERROR;
				GCC_WARN_UNDECLARED_SELECTOR = YES;
				GCC_WARN_UNINITIALIZED_AUTOS = YES_AGGRESSIVE;
				GCC_WARN_UNUSED_FUNCTION = YES;
				GCC_WARN_UNUSED_VARIABLE = YES;
				MACOSX_DEPLOYMENT_TARGET = 12.1;
				MTL_ENABLE_DEBUG_INFO = INCLUDE_SOURCE;
				MTL_FAST_MATH = YES;
				ONLY_ACTIVE_ARCH = YES;
				SDKROOT = macosx;
				SWIFT_ACTIVE_COMPILATION_CONDITIONS = DEBUG;
				SWIFT_OPTIMIZATION_LEVEL = "-Onone";
			};
			name = Debug;
		};
		014D0C7D27A1AECD00C43A74 /* Release */ = {
			isa = XCBuildConfiguration;
			buildSettings = {
				ALWAYS_SEARCH_USER_PATHS = NO;
				CLANG_ANALYZER_NONNULL = YES;
				CLANG_ANALYZER_NUMBER_OBJECT_CONVERSION = YES_AGGRESSIVE;
				CLANG_CXX_LANGUAGE_STANDARD = "gnu++17";
				CLANG_CXX_LIBRARY = "libc++";
				CLANG_ENABLE_MODULES = YES;
				CLANG_ENABLE_OBJC_ARC = YES;
				CLANG_ENABLE_OBJC_WEAK = YES;
				CLANG_WARN_BLOCK_CAPTURE_AUTORELEASING = YES;
				CLANG_WARN_BOOL_CONVERSION = YES;
				CLANG_WARN_COMMA = YES;
				CLANG_WARN_CONSTANT_CONVERSION = YES;
				CLANG_WARN_DEPRECATED_OBJC_IMPLEMENTATIONS = YES;
				CLANG_WARN_DIRECT_OBJC_ISA_USAGE = YES_ERROR;
				CLANG_WARN_DOCUMENTATION_COMMENTS = YES;
				CLANG_WARN_EMPTY_BODY = YES;
				CLANG_WARN_ENUM_CONVERSION = YES;
				CLANG_WARN_INFINITE_RECURSION = YES;
				CLANG_WARN_INT_CONVERSION = YES;
				CLANG_WARN_NON_LITERAL_NULL_CONVERSION = YES;
				CLANG_WARN_OBJC_IMPLICIT_RETAIN_SELF = YES;
				CLANG_WARN_OBJC_LITERAL_CONVERSION = YES;
				CLANG_WARN_OBJC_ROOT_CLASS = YES_ERROR;
				CLANG_WARN_QUOTED_INCLUDE_IN_FRAMEWORK_HEADER = YES;
				CLANG_WARN_RANGE_LOOP_ANALYSIS = YES;
				CLANG_WARN_STRICT_PROTOTYPES = YES;
				CLANG_WARN_SUSPICIOUS_MOVE = YES;
				CLANG_WARN_UNGUARDED_AVAILABILITY = YES_AGGRESSIVE;
				CLANG_WARN_UNREACHABLE_CODE = YES;
				CLANG_WARN__DUPLICATE_METHOD_MATCH = YES;
				COPY_PHASE_STRIP = NO;
				DEBUG_INFORMATION_FORMAT = "dwarf-with-dsym";
				ENABLE_NS_ASSERTIONS = NO;
				ENABLE_STRICT_OBJC_MSGSEND = YES;
				GCC_C_LANGUAGE_STANDARD = gnu11;
				GCC_NO_COMMON_BLOCKS = YES;
				GCC_WARN_64_TO_32_BIT_CONVERSION = YES;
				GCC_WARN_ABOUT_RETURN_TYPE = YES_ERROR;
				GCC_WARN_UNDECLARED_SELECTOR = YES;
				GCC_WARN_UNINITIALIZED_AUTOS = YES_AGGRESSIVE;
				GCC_WARN_UNUSED_FUNCTION = YES;
				GCC_WARN_UNUSED_VARIABLE = YES;
				MACOSX_DEPLOYMENT_TARGET = 12.1;
				MTL_ENABLE_DEBUG_INFO = NO;
				MTL_FAST_MATH = YES;
				SDKROOT = macosx;
				SWIFT_COMPILATION_MODE = wholemodule;
				SWIFT_OPTIMIZATION_LEVEL = "-O";
			};
			name = Release;
		};
		014D0C7F27A1AECD00C43A74 /* Debug */ = {
			isa = XCBuildConfiguration;
			buildSettings = {
				ASSETCATALOG_COMPILER_APPICON_NAME = AppIcon;
				ASSETCATALOG_COMPILER_GLOBAL_ACCENT_COLOR_NAME = AccentColor;
				CODE_SIGN_ENTITLEMENTS = Swush/Swush.entitlements;
				CODE_SIGN_STYLE = Automatic;
				COMBINE_HIDPI_IMAGES = YES;
				CURRENT_PROJECT_VERSION = 4;
				DEVELOPMENT_ASSET_PATHS = "\"Swush/Preview Content\"";
				DEVELOPMENT_TEAM = 9UW6QD7CPP;
				ENABLE_HARDENED_RUNTIME = YES;
				ENABLE_PREVIEWS = YES;
				GENERATE_INFOPLIST_FILE = YES;
				INFOPLIST_FILE = Swush/Info.plist;
				INFOPLIST_KEY_NSHumanReadableCopyright = "";
				LD_RUNPATH_SEARCH_PATHS = (
					"$(inherited)",
					"@executable_path/../Frameworks",
				);
				MARKETING_VERSION = 0.1.0;
				PRODUCT_BUNDLE_IDENTIFIER = com.qeude.Swush;
				PRODUCT_NAME = "$(TARGET_NAME)";
				SWIFT_EMIT_LOC_STRINGS = YES;
				SWIFT_VERSION = 5.0;
				VERSIONING_SYSTEM = "apple-generic";
			};
			name = Debug;
		};
		014D0C8027A1AECD00C43A74 /* Release */ = {
			isa = XCBuildConfiguration;
			buildSettings = {
				ASSETCATALOG_COMPILER_APPICON_NAME = AppIcon;
				ASSETCATALOG_COMPILER_GLOBAL_ACCENT_COLOR_NAME = AccentColor;
				CODE_SIGN_ENTITLEMENTS = Swush/Swush.entitlements;
				CODE_SIGN_STYLE = Automatic;
				COMBINE_HIDPI_IMAGES = YES;
				CURRENT_PROJECT_VERSION = 4;
				DEVELOPMENT_ASSET_PATHS = "\"Swush/Preview Content\"";
				DEVELOPMENT_TEAM = 9UW6QD7CPP;
				ENABLE_HARDENED_RUNTIME = YES;
				ENABLE_PREVIEWS = YES;
				GENERATE_INFOPLIST_FILE = YES;
				INFOPLIST_FILE = Swush/Info.plist;
				INFOPLIST_KEY_NSHumanReadableCopyright = "";
				LD_RUNPATH_SEARCH_PATHS = (
					"$(inherited)",
					"@executable_path/../Frameworks",
				);
				MARKETING_VERSION = 0.1.0;
				PRODUCT_BUNDLE_IDENTIFIER = com.qeude.Swush;
				PRODUCT_NAME = "$(TARGET_NAME)";
				SWIFT_EMIT_LOC_STRINGS = YES;
				SWIFT_VERSION = 5.0;
				VERSIONING_SYSTEM = "apple-generic";
			};
			name = Release;
		};
/* End XCBuildConfiguration section */

/* Begin XCConfigurationList section */
		014D0C6A27A1AECC00C43A74 /* Build configuration list for PBXProject "Swush" */ = {
			isa = XCConfigurationList;
			buildConfigurations = (
				014D0C7C27A1AECD00C43A74 /* Debug */,
				014D0C7D27A1AECD00C43A74 /* Release */,
			);
			defaultConfigurationIsVisible = 0;
			defaultConfigurationName = Release;
		};
		014D0C7E27A1AECD00C43A74 /* Build configuration list for PBXNativeTarget "Swush" */ = {
			isa = XCConfigurationList;
			buildConfigurations = (
				014D0C7F27A1AECD00C43A74 /* Debug */,
				014D0C8027A1AECD00C43A74 /* Release */,
			);
			defaultConfigurationIsVisible = 0;
			defaultConfigurationName = Release;
		};
/* End XCConfigurationList section */

/* Begin XCRemoteSwiftPackageReference section */
		010E486A27A5BC7500D950EF /* XCRemoteSwiftPackageReference "GRDBQuery" */ = {
			isa = XCRemoteSwiftPackageReference;
			repositoryURL = "https://github.com/groue/GRDBQuery";
			requirement = {
				kind = upToNextMajorVersion;
				minimumVersion = 0.1.0;
			};
		};
		010E487227A69EC400D950EF /* XCRemoteSwiftPackageReference "Sparkle" */ = {
			isa = XCRemoteSwiftPackageReference;
			repositoryURL = "https://github.com/sparkle-project/Sparkle";
			requirement = {
				kind = upToNextMajorVersion;
				minimumVersion = 2.0.0;
			};
		};
		0145B13127A5B12300E0EC43 /* XCRemoteSwiftPackageReference "GRDB" */ = {
			isa = XCRemoteSwiftPackageReference;
			repositoryURL = "https://github.com/groue/GRDB.swift";
			requirement = {
				kind = exactVersion;
				version = 5.19.0;
			};
		};
/* End XCRemoteSwiftPackageReference section */

/* Begin XCSwiftPackageProductDependency section */
		010E486B27A5BC7500D950EF /* GRDBQuery */ = {
			isa = XCSwiftPackageProductDependency;
			package = 010E486A27A5BC7500D950EF /* XCRemoteSwiftPackageReference "GRDBQuery" */;
			productName = GRDBQuery;
		};
		010E487327A69EC400D950EF /* Sparkle */ = {
			isa = XCSwiftPackageProductDependency;
			package = 010E487227A69EC400D950EF /* XCRemoteSwiftPackageReference "Sparkle" */;
			productName = Sparkle;
		};
		0145B13227A5B12300E0EC43 /* GRDB */ = {
			isa = XCSwiftPackageProductDependency;
			package = 0145B13127A5B12300E0EC43 /* XCRemoteSwiftPackageReference "GRDB" */;
			productName = GRDB;
		};
/* End XCSwiftPackageProductDependency section */
	};
	rootObject = 014D0C6727A1AECC00C43A74 /* Project object */;
}
